
Microsoft Visual Studio Solution File, Format Version 12.00
# Visual Studio Version 17
VisualStudioVersion = 17.11.35327.3
MinimumVisualStudioVersion = 10.0.40219.1
Project("{FAE04EC0-301F-11D3-BF4B-00C04F79EFBC}") = "Meetings-App-Server", "Meetings-App-Server\Meetings-App-Server.csproj", "{47977F8E-3C27-43BD-9B57-9043985520F8}"
EndProject
Global
	GlobalSection(SolutionConfigurationPlatforms) = preSolution
		Debug|Any CPU = Debug|Any CPU
		Release|Any CPU = Release|Any CPU
	EndGlobalSection
	GlobalSection(ProjectConfigurationPlatforms) = postSolution
		{47977F8E-3C27-43BD-9B57-9043985520F8}.Debug|Any CPU.ActiveCfg = Debug|Any CPU
		{47977F8E-3C27-43BD-9B57-9043985520F8}.Debug|Any CPU.Build.0 = Debug|Any CPU
		{47977F8E-3C27-43BD-9B57-9043985520F8}.Release|Any CPU.ActiveCfg = Release|Any CPU
		{47977F8E-3C27-43BD-9B57-9043985520F8}.Release|Any CPU.Build.0 = Release|Any CPU
	EndGlobalSection
	GlobalSection(SolutionProperties) = preSolution
		HideSolutionNode = FALSE
	EndGlobalSection
	GlobalSection(ExtensibilityGlobals) = postSolution
		SolutionGuid = {283FF4EA-2466-4F51-8986-0599C0E84647}
	EndGlobalSection
EndGlobal
